// !$*UTF8*$!
{
	archiveVersion = 1;
	classes = {
	};
	objectVersion = 46;
	objects = {

/* Begin PBXBuildFile section */
		B6CA586DFA498896BDA3D7F8 /* Pods_VIPERCards.framework in Frameworks */ = {isa = PBXBuildFile; fileRef = 6358B555595B85845B81BFE6 /* Pods_VIPERCards.framework */; };
		BFC597531FD72D100045DF30 /* Place.m in Sources */ = {isa = PBXBuildFile; fileRef = BFC597521FD72D100045DF30 /* Place.m */; };
		BFFCEC1D1FD407B600234DA3 /* RequestConfiguration.m in Sources */ = {isa = PBXBuildFile; fileRef = BFFCEC1C1FD407B600234DA3 /* RequestConfiguration.m */; };
		BFFCEC241FD4086A00234DA3 /* GoogleRequestSigner.m in Sources */ = {isa = PBXBuildFile; fileRef = BFFCEC231FD4086A00234DA3 /* GoogleRequestSigner.m */; };
		BFFCEC2D1FD4095D00234DA3 /* CommonRequestBuilder.m in Sources */ = {isa = PBXBuildFile; fileRef = BFFCEC2C1FD4095D00234DA3 /* CommonRequestBuilder.m */; };
		BFFCEC3C1FD4253E00234DA3 /* RequestSignersAssembly.m in Sources */ = {isa = PBXBuildFile; fileRef = BFFCEC3B1FD4253E00234DA3 /* RequestSignersAssembly.m */; };
		BFFCEC3E1FD4275100234DA3 /* Places.Google.plist in Resources */ = {isa = PBXBuildFile; fileRef = BFFCEC3D1FD4275100234DA3 /* Places.Google.plist */; };
		BFFCEC431FD4291300234DA3 /* NetworkClientAssembly.m in Sources */ = {isa = PBXBuildFile; fileRef = BFFCEC421FD4291300234DA3 /* NetworkClientAssembly.m */; };
		BFFCEC481FD42A6C00234DA3 /* RequestBuildersAssembly.m in Sources */ = {isa = PBXBuildFile; fileRef = BFFCEC471FD42A6C00234DA3 /* RequestBuildersAssembly.m */; };
		BFFCEC4D1FD4301700234DA3 /* ServiceComponentsAssembly.m in Sources */ = {isa = PBXBuildFile; fileRef = BFFCEC4C1FD4301700234DA3 /* ServiceComponentsAssembly.m */; };
		BFFCEC4E1FD4375900234DA3 /* PlaceSearchAssembly.m in Sources */ = {isa = PBXBuildFile; fileRef = FB9388531FC60489006E2F65 /* PlaceSearchAssembly.m */; };
		BFFCEC4F1FD4375C00234DA3 /* PlaceSearchInteractor.m in Sources */ = {isa = PBXBuildFile; fileRef = FB9388561FC60489006E2F65 /* PlaceSearchInteractor.m */; };
		BFFCEC501FD4376100234DA3 /* PlaceSearchViewController.m in Sources */ = {isa = PBXBuildFile; fileRef = FB9388631FC60489006E2F65 /* PlaceSearchViewController.m */; };
		BFFCEC511FD4376500234DA3 /* PlaceSearchRouter.m in Sources */ = {isa = PBXBuildFile; fileRef = FB93885F1FC60489006E2F65 /* PlaceSearchRouter.m */; };
		BFFCEC521FD4376900234DA3 /* PlaceSearchPresenter.m in Sources */ = {isa = PBXBuildFile; fileRef = FB93885C1FC60489006E2F65 /* PlaceSearchPresenter.m */; };
		FB51B4EE1FA1139E004089B5 /* main.m in Sources */ = {isa = PBXBuildFile; fileRef = FB51B4ED1FA1139E004089B5 /* main.m */; };
		FB51B4F11FA1139E004089B5 /* AppDelegate.m in Sources */ = {isa = PBXBuildFile; fileRef = FB51B4F01FA1139E004089B5 /* AppDelegate.m */; };
		FB51B4F71FA1139E004089B5 /* Main.storyboard in Resources */ = {isa = PBXBuildFile; fileRef = FB51B4F51FA1139E004089B5 /* Main.storyboard */; };
		FB51B4FC1FA1139E004089B5 /* LaunchScreen.storyboard in Resources */ = {isa = PBXBuildFile; fileRef = FB51B4FA1FA1139E004089B5 /* LaunchScreen.storyboard */; };
		FB658F211FD08CF300DA059E /* SearchServiceImplementation.m in Sources */ = {isa = PBXBuildFile; fileRef = FB658F201FD08CF300DA059E /* SearchServiceImplementation.m */; };
		FB658F2B1FD0952200DA059E /* SessionNetworkClient.m in Sources */ = {isa = PBXBuildFile; fileRef = FB658F2A1FD0952200DA059E /* SessionNetworkClient.m */; };
		FB658F2F1FD0958600DA059E /* ServiceResponse.m in Sources */ = {isa = PBXBuildFile; fileRef = FB658F2E1FD0958600DA059E /* ServiceResponse.m */; };
		FB93886A1FC60520006E2F65 /* PlaceSearch.storyboard in Resources */ = {isa = PBXBuildFile; fileRef = FB9388691FC60520006E2F65 /* PlaceSearch.storyboard */; };
/* End PBXBuildFile section */

/* Begin PBXContainerItemProxy section */
		FB51B5031FA1139E004089B5 /* PBXContainerItemProxy */ = {
			isa = PBXContainerItemProxy;
			containerPortal = FB51B4E11FA1139E004089B5 /* Project object */;
			proxyType = 1;
			remoteGlobalIDString = FB51B4E81FA1139E004089B5;
			remoteInfo = VIPERCards;
		};
/* End PBXContainerItemProxy section */

/* Begin PBXFileReference section */
		23BEF492060C08E609D89EB5 /* Pods-VIPERCards.release.xcconfig */ = {isa = PBXFileReference; includeInIndex = 1; lastKnownFileType = text.xcconfig; name = "Pods-VIPERCards.release.xcconfig"; path = "Pods/Target Support Files/Pods-VIPERCards/Pods-VIPERCards.release.xcconfig"; sourceTree = "<group>"; };
		6358B555595B85845B81BFE6 /* Pods_VIPERCards.framework */ = {isa = PBXFileReference; explicitFileType = wrapper.framework; includeInIndex = 0; path = Pods_VIPERCards.framework; sourceTree = BUILT_PRODUCTS_DIR; };
		B63CA82F50C6D71BFB3671FB /* Pods-VIPERCards.debug.xcconfig */ = {isa = PBXFileReference; includeInIndex = 1; lastKnownFileType = text.xcconfig; name = "Pods-VIPERCards.debug.xcconfig"; path = "Pods/Target Support Files/Pods-VIPERCards/Pods-VIPERCards.debug.xcconfig"; sourceTree = "<group>"; };
		BFC597511FD72D100045DF30 /* Place.h */ = {isa = PBXFileReference; lastKnownFileType = sourcecode.c.h; path = Place.h; sourceTree = "<group>"; };
		BFC597521FD72D100045DF30 /* Place.m */ = {isa = PBXFileReference; lastKnownFileType = sourcecode.c.objc; path = Place.m; sourceTree = "<group>"; };
		BFFCEC1B1FD407B600234DA3 /* RequestConfiguration.h */ = {isa = PBXFileReference; lastKnownFileType = sourcecode.c.h; path = RequestConfiguration.h; sourceTree = "<group>"; };
		BFFCEC1C1FD407B600234DA3 /* RequestConfiguration.m */ = {isa = PBXFileReference; lastKnownFileType = sourcecode.c.objc; path = RequestConfiguration.m; sourceTree = "<group>"; };
		BFFCEC201FD407F700234DA3 /* RequestSigner.h */ = {isa = PBXFileReference; lastKnownFileType = sourcecode.c.h; path = RequestSigner.h; sourceTree = "<group>"; };
		BFFCEC221FD4086A00234DA3 /* GoogleRequestSigner.h */ = {isa = PBXFileReference; lastKnownFileType = sourcecode.c.h; path = GoogleRequestSigner.h; sourceTree = "<group>"; };
		BFFCEC231FD4086A00234DA3 /* GoogleRequestSigner.m */ = {isa = PBXFileReference; lastKnownFileType = sourcecode.c.objc; path = GoogleRequestSigner.m; sourceTree = "<group>"; };
		BFFCEC2A1FD4092F00234DA3 /* RequestBuilder.h */ = {isa = PBXFileReference; lastKnownFileType = sourcecode.c.h; path = RequestBuilder.h; sourceTree = "<group>"; };
		BFFCEC2B1FD4095D00234DA3 /* CommonRequestBuilder.h */ = {isa = PBXFileReference; lastKnownFileType = sourcecode.c.h; path = CommonRequestBuilder.h; sourceTree = "<group>"; };
		BFFCEC2C1FD4095D00234DA3 /* CommonRequestBuilder.m */ = {isa = PBXFileReference; lastKnownFileType = sourcecode.c.objc; path = CommonRequestBuilder.m; sourceTree = "<group>"; };
		BFFCEC2E1FD416F400234DA3 /* RequestSigningType.h */ = {isa = PBXFileReference; lastKnownFileType = sourcecode.c.h; path = RequestSigningType.h; sourceTree = "<group>"; };
		BFFCEC301FD4195500234DA3 /* HTTPMethodConstants.h */ = {isa = PBXFileReference; lastKnownFileType = sourcecode.c.h; path = HTTPMethodConstants.h; sourceTree = "<group>"; };
		BFFCEC391FD4218A00234DA3 /* RequestSignersFactory.h */ = {isa = PBXFileReference; lastKnownFileType = sourcecode.c.h; path = RequestSignersFactory.h; sourceTree = "<group>"; };
		BFFCEC3A1FD4253E00234DA3 /* RequestSignersAssembly.h */ = {isa = PBXFileReference; lastKnownFileType = sourcecode.c.h; path = RequestSignersAssembly.h; sourceTree = "<group>"; };
		BFFCEC3B1FD4253E00234DA3 /* RequestSignersAssembly.m */ = {isa = PBXFileReference; lastKnownFileType = sourcecode.c.objc; path = RequestSignersAssembly.m; sourceTree = "<group>"; };
		BFFCEC3D1FD4275100234DA3 /* Places.Google.plist */ = {isa = PBXFileReference; lastKnownFileType = text.plist.xml; path = Places.Google.plist; sourceTree = "<group>"; };
		BFFCEC401FD428CD00234DA3 /* NetworkClientsFactory.h */ = {isa = PBXFileReference; lastKnownFileType = sourcecode.c.h; path = NetworkClientsFactory.h; sourceTree = "<group>"; };
		BFFCEC411FD4291200234DA3 /* NetworkClientAssembly.h */ = {isa = PBXFileReference; lastKnownFileType = sourcecode.c.h; path = NetworkClientAssembly.h; sourceTree = "<group>"; };
		BFFCEC421FD4291300234DA3 /* NetworkClientAssembly.m */ = {isa = PBXFileReference; lastKnownFileType = sourcecode.c.objc; path = NetworkClientAssembly.m; sourceTree = "<group>"; };
		BFFCEC451FD42A3300234DA3 /* RequestBuildersFactory.h */ = {isa = PBXFileReference; lastKnownFileType = sourcecode.c.h; path = RequestBuildersFactory.h; sourceTree = "<group>"; };
		BFFCEC461FD42A6C00234DA3 /* RequestBuildersAssembly.h */ = {isa = PBXFileReference; lastKnownFileType = sourcecode.c.h; path = RequestBuildersAssembly.h; sourceTree = "<group>"; };
		BFFCEC471FD42A6C00234DA3 /* RequestBuildersAssembly.m */ = {isa = PBXFileReference; lastKnownFileType = sourcecode.c.objc; path = RequestBuildersAssembly.m; sourceTree = "<group>"; };
		BFFCEC4A1FD42FDE00234DA3 /* ServiceComponents.h */ = {isa = PBXFileReference; lastKnownFileType = sourcecode.c.h; path = ServiceComponents.h; sourceTree = "<group>"; };
		BFFCEC4B1FD4301700234DA3 /* ServiceComponentsAssembly.h */ = {isa = PBXFileReference; lastKnownFileType = sourcecode.c.h; path = ServiceComponentsAssembly.h; sourceTree = "<group>"; };
		BFFCEC4C1FD4301700234DA3 /* ServiceComponentsAssembly.m */ = {isa = PBXFileReference; lastKnownFileType = sourcecode.c.objc; path = ServiceComponentsAssembly.m; sourceTree = "<group>"; };
		FB51B4E91FA1139E004089B5 /* VIPERCards.app */ = {isa = PBXFileReference; explicitFileType = wrapper.application; includeInIndex = 0; path = VIPERCards.app; sourceTree = BUILT_PRODUCTS_DIR; };
		FB51B4ED1FA1139E004089B5 /* main.m */ = {isa = PBXFileReference; lastKnownFileType = sourcecode.c.objc; path = main.m; sourceTree = "<group>"; };
		FB51B4EF1FA1139E004089B5 /* AppDelegate.h */ = {isa = PBXFileReference; lastKnownFileType = sourcecode.c.h; path = AppDelegate.h; sourceTree = "<group>"; };
		FB51B4F01FA1139E004089B5 /* AppDelegate.m */ = {isa = PBXFileReference; lastKnownFileType = sourcecode.c.objc; path = AppDelegate.m; sourceTree = "<group>"; };
		FB51B4F61FA1139E004089B5 /* Base */ = {isa = PBXFileReference; lastKnownFileType = file.storyboard; name = Base; path = Base.lproj/Main.storyboard; sourceTree = "<group>"; };
		FB51B4FB1FA1139E004089B5 /* Base */ = {isa = PBXFileReference; lastKnownFileType = file.storyboard; name = Base; path = Base.lproj/LaunchScreen.storyboard; sourceTree = "<group>"; };
		FB51B4FD1FA1139E004089B5 /* Info.plist */ = {isa = PBXFileReference; lastKnownFileType = text.plist.xml; path = Info.plist; sourceTree = "<group>"; };
		FB51B5021FA1139E004089B5 /* VIPERCardsTests.xctest */ = {isa = PBXFileReference; explicitFileType = wrapper.cfbundle; includeInIndex = 0; path = VIPERCardsTests.xctest; sourceTree = BUILT_PRODUCTS_DIR; };
		FB51B5081FA1139E004089B5 /* Info.plist */ = {isa = PBXFileReference; lastKnownFileType = text.plist.xml; path = Info.plist; sourceTree = "<group>"; };
		FB658F1E1FD08CD500DA059E /* SearchService.h */ = {isa = PBXFileReference; lastKnownFileType = sourcecode.c.h; path = SearchService.h; sourceTree = "<group>"; };
		FB658F1F1FD08CF300DA059E /* SearchServiceImplementation.h */ = {isa = PBXFileReference; lastKnownFileType = sourcecode.c.h; path = SearchServiceImplementation.h; sourceTree = "<group>"; };
		FB658F201FD08CF300DA059E /* SearchServiceImplementation.m */ = {isa = PBXFileReference; lastKnownFileType = sourcecode.c.objc; path = SearchServiceImplementation.m; sourceTree = "<group>"; };
		FB658F271FD094F700DA059E /* NetworkClient.h */ = {isa = PBXFileReference; lastKnownFileType = sourcecode.c.h; path = NetworkClient.h; sourceTree = "<group>"; };
		FB658F291FD0952200DA059E /* SessionNetworkClient.h */ = {isa = PBXFileReference; lastKnownFileType = sourcecode.c.h; path = SessionNetworkClient.h; sourceTree = "<group>"; };
		FB658F2A1FD0952200DA059E /* SessionNetworkClient.m */ = {isa = PBXFileReference; lastKnownFileType = sourcecode.c.objc; path = SessionNetworkClient.m; sourceTree = "<group>"; };
		FB658F2D1FD0958600DA059E /* ServiceResponse.h */ = {isa = PBXFileReference; lastKnownFileType = sourcecode.c.h; path = ServiceResponse.h; sourceTree = "<group>"; };
		FB658F2E1FD0958600DA059E /* ServiceResponse.m */ = {isa = PBXFileReference; lastKnownFileType = sourcecode.c.objc; path = ServiceResponse.m; sourceTree = "<group>"; };
		FB9388461FC6046D006E2F65 /* PlaceSearchAssembly_Testable.h */ = {isa = PBXFileReference; lastKnownFileType = sourcecode.c.h; path = PlaceSearchAssembly_Testable.h; sourceTree = "<group>"; };
		FB9388471FC6046D006E2F65 /* PlaceSearchAssemblyTests.m */ = {isa = PBXFileReference; lastKnownFileType = sourcecode.c.objc; path = PlaceSearchAssemblyTests.m; sourceTree = "<group>"; };
		FB9388491FC6046D006E2F65 /* PlaceSearchInteractorTests.m */ = {isa = PBXFileReference; lastKnownFileType = sourcecode.c.objc; path = PlaceSearchInteractorTests.m; sourceTree = "<group>"; };
		FB93884B1FC6046D006E2F65 /* PlaceSearchPresenterTests.m */ = {isa = PBXFileReference; lastKnownFileType = sourcecode.c.objc; path = PlaceSearchPresenterTests.m; sourceTree = "<group>"; };
		FB93884D1FC6046D006E2F65 /* PlaceSearchRouterTests.m */ = {isa = PBXFileReference; lastKnownFileType = sourcecode.c.objc; path = PlaceSearchRouterTests.m; sourceTree = "<group>"; };
		FB93884F1FC6046D006E2F65 /* PlaceSearchViewControllerTests.m */ = {isa = PBXFileReference; lastKnownFileType = sourcecode.c.objc; path = PlaceSearchViewControllerTests.m; sourceTree = "<group>"; };
		FB9388521FC60489006E2F65 /* PlaceSearchAssembly.h */ = {isa = PBXFileReference; lastKnownFileType = sourcecode.c.h; path = PlaceSearchAssembly.h; sourceTree = "<group>"; };
		FB9388531FC60489006E2F65 /* PlaceSearchAssembly.m */ = {isa = PBXFileReference; lastKnownFileType = sourcecode.c.objc; path = PlaceSearchAssembly.m; sourceTree = "<group>"; };
		FB9388551FC60489006E2F65 /* PlaceSearchInteractor.h */ = {isa = PBXFileReference; lastKnownFileType = sourcecode.c.h; path = PlaceSearchInteractor.h; sourceTree = "<group>"; };
		FB9388561FC60489006E2F65 /* PlaceSearchInteractor.m */ = {isa = PBXFileReference; lastKnownFileType = sourcecode.c.objc; path = PlaceSearchInteractor.m; sourceTree = "<group>"; };
		FB9388571FC60489006E2F65 /* PlaceSearchInteractorInput.h */ = {isa = PBXFileReference; lastKnownFileType = sourcecode.c.h; path = PlaceSearchInteractorInput.h; sourceTree = "<group>"; };
		FB9388581FC60489006E2F65 /* PlaceSearchInteractorOutput.h */ = {isa = PBXFileReference; lastKnownFileType = sourcecode.c.h; path = PlaceSearchInteractorOutput.h; sourceTree = "<group>"; };
		FB93885A1FC60489006E2F65 /* PlaceSearchModuleInput.h */ = {isa = PBXFileReference; lastKnownFileType = sourcecode.c.h; path = PlaceSearchModuleInput.h; sourceTree = "<group>"; };
		FB93885B1FC60489006E2F65 /* PlaceSearchPresenter.h */ = {isa = PBXFileReference; lastKnownFileType = sourcecode.c.h; path = PlaceSearchPresenter.h; sourceTree = "<group>"; };
		FB93885C1FC60489006E2F65 /* PlaceSearchPresenter.m */ = {isa = PBXFileReference; lastKnownFileType = sourcecode.c.objc; path = PlaceSearchPresenter.m; sourceTree = "<group>"; };
		FB93885E1FC60489006E2F65 /* PlaceSearchRouter.h */ = {isa = PBXFileReference; lastKnownFileType = sourcecode.c.h; path = PlaceSearchRouter.h; sourceTree = "<group>"; };
		FB93885F1FC60489006E2F65 /* PlaceSearchRouter.m */ = {isa = PBXFileReference; lastKnownFileType = sourcecode.c.objc; path = PlaceSearchRouter.m; sourceTree = "<group>"; };
		FB9388601FC60489006E2F65 /* PlaceSearchRouterInput.h */ = {isa = PBXFileReference; lastKnownFileType = sourcecode.c.h; path = PlaceSearchRouterInput.h; sourceTree = "<group>"; };
		FB9388621FC60489006E2F65 /* PlaceSearchViewController.h */ = {isa = PBXFileReference; lastKnownFileType = sourcecode.c.h; path = PlaceSearchViewController.h; sourceTree = "<group>"; };
		FB9388631FC60489006E2F65 /* PlaceSearchViewController.m */ = {isa = PBXFileReference; lastKnownFileType = sourcecode.c.objc; path = PlaceSearchViewController.m; sourceTree = "<group>"; };
		FB9388641FC60489006E2F65 /* PlaceSearchViewInput.h */ = {isa = PBXFileReference; lastKnownFileType = sourcecode.c.h; path = PlaceSearchViewInput.h; sourceTree = "<group>"; };
		FB9388651FC60489006E2F65 /* PlaceSearchViewOutput.h */ = {isa = PBXFileReference; lastKnownFileType = sourcecode.c.h; path = PlaceSearchViewOutput.h; sourceTree = "<group>"; };
		FB9388691FC60520006E2F65 /* PlaceSearch.storyboard */ = {isa = PBXFileReference; lastKnownFileType = file.storyboard; path = PlaceSearch.storyboard; sourceTree = "<group>"; };
/* End PBXFileReference section */

/* Begin PBXFrameworksBuildPhase section */
		FB51B4E61FA1139E004089B5 /* Frameworks */ = {
			isa = PBXFrameworksBuildPhase;
			buildActionMask = 2147483647;
			files = (
				B6CA586DFA498896BDA3D7F8 /* Pods_VIPERCards.framework in Frameworks */,
			);
			runOnlyForDeploymentPostprocessing = 0;
		};
		FB51B4FF1FA1139E004089B5 /* Frameworks */ = {
			isa = PBXFrameworksBuildPhase;
			buildActionMask = 2147483647;
			files = (
			);
			runOnlyForDeploymentPostprocessing = 0;
		};
/* End PBXFrameworksBuildPhase section */

/* Begin PBXGroup section */
		9FB58144BEB4E4BB7FCF3952 /* Pods */ = {
			isa = PBXGroup;
			children = (
				B63CA82F50C6D71BFB3671FB /* Pods-VIPERCards.debug.xcconfig */,
				23BEF492060C08E609D89EB5 /* Pods-VIPERCards.release.xcconfig */,
			);
			name = Pods;
			sourceTree = "<group>";
		};
		BFC5974F1FD72CCE0045DF30 /* Models */ = {
			isa = PBXGroup;
			children = (
				BFC597501FD72CEB0045DF30 /* Place */,
			);
			path = Models;
			sourceTree = "<group>";
		};
		BFC597501FD72CEB0045DF30 /* Place */ = {
			isa = PBXGroup;
			children = (
				BFC597511FD72D100045DF30 /* Place.h */,
				BFC597521FD72D100045DF30 /* Place.m */,
			);
			path = Place;
			sourceTree = "<group>";
		};
		BFFCEC171FD406F900234DA3 /* Request Builder */ = {
			isa = PBXGroup;
			children = (
				BFFCEC291FD4091700234DA3 /* Protocols */,
				BFFCEC251FD408B200234DA3 /* Concrete Classes */,
				BFFCEC1A1FD4079800234DA3 /* Models */,
			);
			path = "Request Builder";
			sourceTree = "<group>";
		};
		BFFCEC1A1FD4079800234DA3 /* Models */ = {
			isa = PBXGroup;
			children = (
				BFFCEC321FD4199D00234DA3 /* Request Configuration */,
			);
			path = Models;
			sourceTree = "<group>";
		};
		BFFCEC1E1FD407D800234DA3 /* Request Signer */ = {
			isa = PBXGroup;
			children = (
				BFFCEC211FD4081C00234DA3 /* Concrete Classes */,
				BFFCEC1F1FD407E100234DA3 /* Protocols */,
				BFFCEC2E1FD416F400234DA3 /* RequestSigningType.h */,
			);
			path = "Request Signer";
			sourceTree = "<group>";
		};
		BFFCEC1F1FD407E100234DA3 /* Protocols */ = {
			isa = PBXGroup;
			children = (
				BFFCEC201FD407F700234DA3 /* RequestSigner.h */,
			);
			path = Protocols;
			sourceTree = "<group>";
		};
		BFFCEC211FD4081C00234DA3 /* Concrete Classes */ = {
			isa = PBXGroup;
			children = (
				BFFCEC221FD4086A00234DA3 /* GoogleRequestSigner.h */,
				BFFCEC231FD4086A00234DA3 /* GoogleRequestSigner.m */,
			);
			path = "Concrete Classes";
			sourceTree = "<group>";
		};
		BFFCEC251FD408B200234DA3 /* Concrete Classes */ = {
			isa = PBXGroup;
			children = (
				BFFCEC2B1FD4095D00234DA3 /* CommonRequestBuilder.h */,
				BFFCEC2C1FD4095D00234DA3 /* CommonRequestBuilder.m */,
			);
			path = "Concrete Classes";
			sourceTree = "<group>";
		};
		BFFCEC291FD4091700234DA3 /* Protocols */ = {
			isa = PBXGroup;
			children = (
				BFFCEC2A1FD4092F00234DA3 /* RequestBuilder.h */,
			);
			path = Protocols;
			sourceTree = "<group>";
		};
		BFFCEC2F1FD4192100234DA3 /* Constants */ = {
			isa = PBXGroup;
			children = (
				BFFCEC311FD4197500234DA3 /* Networking */,
			);
			path = Constants;
			sourceTree = "<group>";
		};
		BFFCEC311FD4197500234DA3 /* Networking */ = {
			isa = PBXGroup;
			children = (
				BFFCEC301FD4195500234DA3 /* HTTPMethodConstants.h */,
			);
			path = Networking;
			sourceTree = "<group>";
		};
		BFFCEC321FD4199D00234DA3 /* Request Configuration */ = {
			isa = PBXGroup;
			children = (
				BFFCEC1B1FD407B600234DA3 /* RequestConfiguration.h */,
				BFFCEC1C1FD407B600234DA3 /* RequestConfiguration.m */,
			);
			path = "Request Configuration";
			sourceTree = "<group>";
		};
		BFFCEC371FD4214F00234DA3 /* Assemblies */ = {
			isa = PBXGroup;
			children = (
				BFFCEC441FD42A0A00234DA3 /* Request Builders Factory */,
				BFFCEC3F1FD4287900234DA3 /* Network Clients Factory */,
				BFFCEC381FD4216C00234DA3 /* Request Signers Factory */,
			);
			path = Assemblies;
			sourceTree = "<group>";
		};
		BFFCEC381FD4216C00234DA3 /* Request Signers Factory */ = {
			isa = PBXGroup;
			children = (
				BFFCEC391FD4218A00234DA3 /* RequestSignersFactory.h */,
				BFFCEC3A1FD4253E00234DA3 /* RequestSignersAssembly.h */,
				BFFCEC3B1FD4253E00234DA3 /* RequestSignersAssembly.m */,
				BFFCEC3D1FD4275100234DA3 /* Places.Google.plist */,
			);
			path = "Request Signers Factory";
			sourceTree = "<group>";
		};
		BFFCEC3F1FD4287900234DA3 /* Network Clients Factory */ = {
			isa = PBXGroup;
			children = (
				BFFCEC401FD428CD00234DA3 /* NetworkClientsFactory.h */,
				BFFCEC411FD4291200234DA3 /* NetworkClientAssembly.h */,
				BFFCEC421FD4291300234DA3 /* NetworkClientAssembly.m */,
			);
			path = "Network Clients Factory";
			sourceTree = "<group>";
		};
		BFFCEC441FD42A0A00234DA3 /* Request Builders Factory */ = {
			isa = PBXGroup;
			children = (
				BFFCEC451FD42A3300234DA3 /* RequestBuildersFactory.h */,
				BFFCEC461FD42A6C00234DA3 /* RequestBuildersAssembly.h */,
				BFFCEC471FD42A6C00234DA3 /* RequestBuildersAssembly.m */,
			);
			path = "Request Builders Factory";
			sourceTree = "<group>";
		};
		BFFCEC491FD42FBE00234DA3 /* Assemblies */ = {
			isa = PBXGroup;
			children = (
				BFFCEC4A1FD42FDE00234DA3 /* ServiceComponents.h */,
				BFFCEC4B1FD4301700234DA3 /* ServiceComponentsAssembly.h */,
				BFFCEC4C1FD4301700234DA3 /* ServiceComponentsAssembly.m */,
			);
			path = Assemblies;
			sourceTree = "<group>";
		};
		E4C34F4FB8300157527612F0 /* Frameworks */ = {
			isa = PBXGroup;
			children = (
				6358B555595B85845B81BFE6 /* Pods_VIPERCards.framework */,
			);
			name = Frameworks;
			sourceTree = "<group>";
		};
		FB51B4E01FA1139E004089B5 = {
			isa = PBXGroup;
			children = (
				FB51B4EB1FA1139E004089B5 /* VIPERCards */,
				FB51B5051FA1139E004089B5 /* VIPERCardsTests */,
				FB51B4EA1FA1139E004089B5 /* Products */,
				9FB58144BEB4E4BB7FCF3952 /* Pods */,
				E4C34F4FB8300157527612F0 /* Frameworks */,
			);
			sourceTree = "<group>";
		};
		FB51B4EA1FA1139E004089B5 /* Products */ = {
			isa = PBXGroup;
			children = (
				FB51B4E91FA1139E004089B5 /* VIPERCards.app */,
				FB51B5021FA1139E004089B5 /* VIPERCardsTests.xctest */,
			);
			name = Products;
			sourceTree = "<group>";
		};
		FB51B4EB1FA1139E004089B5 /* VIPERCards */ = {
			isa = PBXGroup;
			children = (
				BFC5974F1FD72CCE0045DF30 /* Models */,
				FB9388411FC60128006E2F65 /* Presentation Layer */,
				FB93883F1FC5FF76006E2F65 /* Core Layer */,
				FB93883E1FC5FF63006E2F65 /* Business Layer  */,
				FB93883D1FC5FF53006E2F65 /* Application Layer */,
				FB51B4F51FA1139E004089B5 /* Main.storyboard */,
				FB51B4EC1FA1139E004089B5 /* Supporting Files */,
			);
			path = VIPERCards;
			sourceTree = "<group>";
		};
		FB51B4EC1FA1139E004089B5 /* Supporting Files */ = {
			isa = PBXGroup;
			children = (
				FB51B4FA1FA1139E004089B5 /* LaunchScreen.storyboard */,
				FB51B4FD1FA1139E004089B5 /* Info.plist */,
				FB51B4ED1FA1139E004089B5 /* main.m */,
			);
			name = "Supporting Files";
			sourceTree = "<group>";
		};
		FB51B5051FA1139E004089B5 /* VIPERCardsTests */ = {
			isa = PBXGroup;
			children = (
				FB9388431FC6021D006E2F65 /* UseCases */,
				FB51B5081FA1139E004089B5 /* Info.plist */,
			);
			path = VIPERCardsTests;
			sourceTree = "<group>";
		};
		FB658F1C1FD08C5500DA059E /* Services */ = {
			isa = PBXGroup;
			children = (
				FB658F1D1FD08C6600DA059E /* SearchService */,
			);
			path = Services;
			sourceTree = "<group>";
		};
		FB658F1D1FD08C6600DA059E /* SearchService */ = {
			isa = PBXGroup;
			children = (
				FB658F1E1FD08CD500DA059E /* SearchService.h */,
				FB658F1F1FD08CF300DA059E /* SearchServiceImplementation.h */,
				FB658F201FD08CF300DA059E /* SearchServiceImplementation.m */,
			);
			path = SearchService;
			sourceTree = "<group>";
		};
		FB658F221FD08E2200DA059E /* Core Components */ = {
			isa = PBXGroup;
			children = (
				BFFCEC1E1FD407D800234DA3 /* Request Signer */,
				BFFCEC171FD406F900234DA3 /* Request Builder */,
				FB658F231FD0947C00DA059E /* Network Client */,
			);
			path = "Core Components";
			sourceTree = "<group>";
		};
		FB658F231FD0947C00DA059E /* Network Client */ = {
			isa = PBXGroup;
			children = (
				FB658F261FD094C200DA059E /* Concrete Classes */,
				FB658F251FD094A600DA059E /* Models */,
				FB658F241FD0949100DA059E /* Protocols */,
			);
			path = "Network Client";
			sourceTree = "<group>";
		};
		FB658F241FD0949100DA059E /* Protocols */ = {
			isa = PBXGroup;
			children = (
				FB658F271FD094F700DA059E /* NetworkClient.h */,
			);
			path = Protocols;
			sourceTree = "<group>";
		};
		FB658F251FD094A600DA059E /* Models */ = {
			isa = PBXGroup;
			children = (
				FB658F2C1FD0956900DA059E /* Service Response */,
			);
			path = Models;
			sourceTree = "<group>";
		};
		FB658F261FD094C200DA059E /* Concrete Classes */ = {
			isa = PBXGroup;
			children = (
				FB658F291FD0952200DA059E /* SessionNetworkClient.h */,
				FB658F2A1FD0952200DA059E /* SessionNetworkClient.m */,
			);
			path = "Concrete Classes";
			sourceTree = "<group>";
		};
		FB658F2C1FD0956900DA059E /* Service Response */ = {
			isa = PBXGroup;
			children = (
				FB658F2D1FD0958600DA059E /* ServiceResponse.h */,
				FB658F2E1FD0958600DA059E /* ServiceResponse.m */,
			);
			path = "Service Response";
			sourceTree = "<group>";
		};
		FB93883D1FC5FF53006E2F65 /* Application Layer */ = {
			isa = PBXGroup;
			children = (
				FB9388401FC5FF93006E2F65 /* App Delegate */,
			);
			path = "Application Layer";
			sourceTree = "<group>";
		};
		FB93883E1FC5FF63006E2F65 /* Business Layer  */ = {
			isa = PBXGroup;
			children = (
				BFFCEC491FD42FBE00234DA3 /* Assemblies */,
				FB658F1C1FD08C5500DA059E /* Services */,
			);
			path = "Business Layer ";
			sourceTree = "<group>";
		};
		FB93883F1FC5FF76006E2F65 /* Core Layer */ = {
			isa = PBXGroup;
			children = (
				BFFCEC371FD4214F00234DA3 /* Assemblies */,
				FB658F221FD08E2200DA059E /* Core Components */,
				BFFCEC2F1FD4192100234DA3 /* Constants */,
			);
			path = "Core Layer";
			sourceTree = "<group>";
		};
		FB9388401FC5FF93006E2F65 /* App Delegate */ = {
			isa = PBXGroup;
			children = (
				FB51B4EF1FA1139E004089B5 /* AppDelegate.h */,
				FB51B4F01FA1139E004089B5 /* AppDelegate.m */,
			);
			path = "App Delegate";
			sourceTree = "<group>";
		};
		FB9388411FC60128006E2F65 /* Presentation Layer */ = {
			isa = PBXGroup;
			children = (
				FB9388421FC6013C006E2F65 /* Use cases */,
			);
			path = "Presentation Layer";
			sourceTree = "<group>";
		};
		FB9388421FC6013C006E2F65 /* Use cases */ = {
			isa = PBXGroup;
			children = (
				FB9388501FC60489006E2F65 /* PlaceSearch */,
			);
			path = "Use cases";
			sourceTree = "<group>";
		};
		FB9388431FC6021D006E2F65 /* UseCases */ = {
			isa = PBXGroup;
			children = (
				FB9388441FC6046D006E2F65 /* PlaceSearchTests */,
			);
			path = UseCases;
			sourceTree = "<group>";
		};
		FB9388441FC6046D006E2F65 /* PlaceSearchTests */ = {
			isa = PBXGroup;
			children = (
				FB9388451FC6046D006E2F65 /* Assembly */,
				FB9388481FC6046D006E2F65 /* Interactor */,
				FB93884A1FC6046D006E2F65 /* Presenter */,
				FB93884C1FC6046D006E2F65 /* Router */,
				FB93884E1FC6046D006E2F65 /* View */,
			);
			path = PlaceSearchTests;
			sourceTree = "<group>";
		};
		FB9388451FC6046D006E2F65 /* Assembly */ = {
			isa = PBXGroup;
			children = (
				FB9388461FC6046D006E2F65 /* PlaceSearchAssembly_Testable.h */,
				FB9388471FC6046D006E2F65 /* PlaceSearchAssemblyTests.m */,
			);
			path = Assembly;
			sourceTree = "<group>";
		};
		FB9388481FC6046D006E2F65 /* Interactor */ = {
			isa = PBXGroup;
			children = (
				FB9388491FC6046D006E2F65 /* PlaceSearchInteractorTests.m */,
			);
			path = Interactor;
			sourceTree = "<group>";
		};
		FB93884A1FC6046D006E2F65 /* Presenter */ = {
			isa = PBXGroup;
			children = (
				FB93884B1FC6046D006E2F65 /* PlaceSearchPresenterTests.m */,
			);
			path = Presenter;
			sourceTree = "<group>";
		};
		FB93884C1FC6046D006E2F65 /* Router */ = {
			isa = PBXGroup;
			children = (
				FB93884D1FC6046D006E2F65 /* PlaceSearchRouterTests.m */,
			);
			path = Router;
			sourceTree = "<group>";
		};
		FB93884E1FC6046D006E2F65 /* View */ = {
			isa = PBXGroup;
			children = (
				FB93884F1FC6046D006E2F65 /* PlaceSearchViewControllerTests.m */,
			);
			path = View;
			sourceTree = "<group>";
		};
		FB9388501FC60489006E2F65 /* PlaceSearch */ = {
			isa = PBXGroup;
			children = (
				FB9388681FC60501006E2F65 /* Storyboard */,
				FB9388671FC604F6006E2F65 /* Module */,
			);
			path = PlaceSearch;
			sourceTree = "<group>";
		};
		FB9388511FC60489006E2F65 /* Assembly */ = {
			isa = PBXGroup;
			children = (
				FB9388521FC60489006E2F65 /* PlaceSearchAssembly.h */,
				FB9388531FC60489006E2F65 /* PlaceSearchAssembly.m */,
			);
			path = Assembly;
			sourceTree = "<group>";
		};
		FB9388541FC60489006E2F65 /* Interactor */ = {
			isa = PBXGroup;
			children = (
				FB9388551FC60489006E2F65 /* PlaceSearchInteractor.h */,
				FB9388561FC60489006E2F65 /* PlaceSearchInteractor.m */,
				FB9388571FC60489006E2F65 /* PlaceSearchInteractorInput.h */,
				FB9388581FC60489006E2F65 /* PlaceSearchInteractorOutput.h */,
			);
			path = Interactor;
			sourceTree = "<group>";
		};
		FB9388591FC60489006E2F65 /* Presenter */ = {
			isa = PBXGroup;
			children = (
				FB93885A1FC60489006E2F65 /* PlaceSearchModuleInput.h */,
				FB93885B1FC60489006E2F65 /* PlaceSearchPresenter.h */,
				FB93885C1FC60489006E2F65 /* PlaceSearchPresenter.m */,
			);
			path = Presenter;
			sourceTree = "<group>";
		};
		FB93885D1FC60489006E2F65 /* Router */ = {
			isa = PBXGroup;
			children = (
				FB93885E1FC60489006E2F65 /* PlaceSearchRouter.h */,
				FB93885F1FC60489006E2F65 /* PlaceSearchRouter.m */,
				FB9388601FC60489006E2F65 /* PlaceSearchRouterInput.h */,
			);
			path = Router;
			sourceTree = "<group>";
		};
		FB9388611FC60489006E2F65 /* View */ = {
			isa = PBXGroup;
			children = (
				FB9388621FC60489006E2F65 /* PlaceSearchViewController.h */,
				FB9388631FC60489006E2F65 /* PlaceSearchViewController.m */,
				FB9388641FC60489006E2F65 /* PlaceSearchViewInput.h */,
				FB9388651FC60489006E2F65 /* PlaceSearchViewOutput.h */,
			);
			path = View;
			sourceTree = "<group>";
		};
		FB9388671FC604F6006E2F65 /* Module */ = {
			isa = PBXGroup;
			children = (
				FB9388511FC60489006E2F65 /* Assembly */,
				FB9388541FC60489006E2F65 /* Interactor */,
				FB9388591FC60489006E2F65 /* Presenter */,
				FB93885D1FC60489006E2F65 /* Router */,
				FB9388611FC60489006E2F65 /* View */,
			);
			path = Module;
			sourceTree = "<group>";
		};
		FB9388681FC60501006E2F65 /* Storyboard */ = {
			isa = PBXGroup;
			children = (
				FB9388691FC60520006E2F65 /* PlaceSearch.storyboard */,
			);
			path = Storyboard;
			sourceTree = "<group>";
		};
/* End PBXGroup section */

/* Begin PBXNativeTarget section */
		FB51B4E81FA1139E004089B5 /* VIPERCards */ = {
			isa = PBXNativeTarget;
			buildConfigurationList = FB51B50B1FA1139E004089B5 /* Build configuration list for PBXNativeTarget "VIPERCards" */;
			buildPhases = (
				D28B2EA8B3433AD4AA63870B /* [CP] Check Pods Manifest.lock */,
				FB51B4E51FA1139E004089B5 /* Sources */,
				FB51B4E61FA1139E004089B5 /* Frameworks */,
				FB51B4E71FA1139E004089B5 /* Resources */,
				E1F2F56835D23D61B7828320 /* [CP] Embed Pods Frameworks */,
				C4190AB6F33024EF469A3DB2 /* [CP] Copy Pods Resources */,
			);
			buildRules = (
			);
			dependencies = (
			);
			name = VIPERCards;
			productName = VIPERCards;
			productReference = FB51B4E91FA1139E004089B5 /* VIPERCards.app */;
			productType = "com.apple.product-type.application";
		};
		FB51B5011FA1139E004089B5 /* VIPERCardsTests */ = {
			isa = PBXNativeTarget;
			buildConfigurationList = FB51B50E1FA1139E004089B5 /* Build configuration list for PBXNativeTarget "VIPERCardsTests" */;
			buildPhases = (
				FB51B4FE1FA1139E004089B5 /* Sources */,
				FB51B4FF1FA1139E004089B5 /* Frameworks */,
				FB51B5001FA1139E004089B5 /* Resources */,
			);
			buildRules = (
			);
			dependencies = (
				FB51B5041FA1139E004089B5 /* PBXTargetDependency */,
			);
			name = VIPERCardsTests;
			productName = VIPERCardsTests;
			productReference = FB51B5021FA1139E004089B5 /* VIPERCardsTests.xctest */;
			productType = "com.apple.product-type.bundle.unit-test";
		};
/* End PBXNativeTarget section */

/* Begin PBXProject section */
		FB51B4E11FA1139E004089B5 /* Project object */ = {
			isa = PBXProject;
			attributes = {
				LastUpgradeCheck = 0900;
				ORGANIZATIONNAME = "Dmytro Vdovychenko";
				TargetAttributes = {
					FB51B4E81FA1139E004089B5 = {
						CreatedOnToolsVersion = 8.3.3;
						DevelopmentTeam = L5RSLCXRTP;
						ProvisioningStyle = Automatic;
					};
					FB51B5011FA1139E004089B5 = {
						CreatedOnToolsVersion = 8.3.3;
						DevelopmentTeam = L5RSLCXRTP;
						ProvisioningStyle = Automatic;
						TestTargetID = FB51B4E81FA1139E004089B5;
					};
				};
			};
			buildConfigurationList = FB51B4E41FA1139E004089B5 /* Build configuration list for PBXProject "VIPERCards" */;
			compatibilityVersion = "Xcode 3.2";
			developmentRegion = English;
			hasScannedForEncodings = 0;
			knownRegions = (
				en,
				Base,
			);
			mainGroup = FB51B4E01FA1139E004089B5;
			productRefGroup = FB51B4EA1FA1139E004089B5 /* Products */;
			projectDirPath = "";
			projectRoot = "";
			targets = (
				FB51B4E81FA1139E004089B5 /* VIPERCards */,
				FB51B5011FA1139E004089B5 /* VIPERCardsTests */,
			);
		};
/* End PBXProject section */

/* Begin PBXResourcesBuildPhase section */
		FB51B4E71FA1139E004089B5 /* Resources */ = {
			isa = PBXResourcesBuildPhase;
			buildActionMask = 2147483647;
			files = (
				BFFCEC3E1FD4275100234DA3 /* Places.Google.plist in Resources */,
				FB93886A1FC60520006E2F65 /* PlaceSearch.storyboard in Resources */,
				FB51B4FC1FA1139E004089B5 /* LaunchScreen.storyboard in Resources */,
				FB51B4F71FA1139E004089B5 /* Main.storyboard in Resources */,
			);
			runOnlyForDeploymentPostprocessing = 0;
		};
		FB51B5001FA1139E004089B5 /* Resources */ = {
			isa = PBXResourcesBuildPhase;
			buildActionMask = 2147483647;
			files = (
			);
			runOnlyForDeploymentPostprocessing = 0;
		};
/* End PBXResourcesBuildPhase section */

/* Begin PBXShellScriptBuildPhase section */
		C4190AB6F33024EF469A3DB2 /* [CP] Copy Pods Resources */ = {
			isa = PBXShellScriptBuildPhase;
			buildActionMask = 2147483647;
			files = (
			);
			inputPaths = (
			);
			name = "[CP] Copy Pods Resources";
			outputPaths = (
			);
			runOnlyForDeploymentPostprocessing = 0;
			shellPath = /bin/sh;
			shellScript = "\"${SRCROOT}/Pods/Target Support Files/Pods-VIPERCards/Pods-VIPERCards-resources.sh\"\n";
			showEnvVarsInLog = 0;
		};
		D28B2EA8B3433AD4AA63870B /* [CP] Check Pods Manifest.lock */ = {
			isa = PBXShellScriptBuildPhase;
			buildActionMask = 2147483647;
			files = (
			);
			inputPaths = (
				"${PODS_PODFILE_DIR_PATH}/Podfile.lock",
				"${PODS_ROOT}/Manifest.lock",
			);
			name = "[CP] Check Pods Manifest.lock";
			outputPaths = (
				"$(DERIVED_FILE_DIR)/Pods-VIPERCards-checkManifestLockResult.txt",
			);
			runOnlyForDeploymentPostprocessing = 0;
			shellPath = /bin/sh;
			shellScript = "diff \"${PODS_PODFILE_DIR_PATH}/Podfile.lock\" \"${PODS_ROOT}/Manifest.lock\" > /dev/null\nif [ $? != 0 ] ; then\n    # print error to STDERR\n    echo \"error: The sandbox is not in sync with the Podfile.lock. Run 'pod install' or update your CocoaPods installation.\" >&2\n    exit 1\nfi\n# This output is used by Xcode 'outputs' to avoid re-running this script phase.\necho \"SUCCESS\" > \"${SCRIPT_OUTPUT_FILE_0}\"\n";
			showEnvVarsInLog = 0;
		};
		E1F2F56835D23D61B7828320 /* [CP] Embed Pods Frameworks */ = {
			isa = PBXShellScriptBuildPhase;
			buildActionMask = 2147483647;
			files = (
			);
			inputPaths = (
				"${SRCROOT}/Pods/Target Support Files/Pods-VIPERCards/Pods-VIPERCards-frameworks.sh",
				"${BUILT_PRODUCTS_DIR}/Typhoon/Typhoon.framework",
				"${BUILT_PRODUCTS_DIR}/ViperMcFlurry/ViperMcFlurry.framework",
			);
			name = "[CP] Embed Pods Frameworks";
			outputPaths = (
				"${TARGET_BUILD_DIR}/${FRAMEWORKS_FOLDER_PATH}/Typhoon.framework",
				"${TARGET_BUILD_DIR}/${FRAMEWORKS_FOLDER_PATH}/ViperMcFlurry.framework",
			);
			runOnlyForDeploymentPostprocessing = 0;
			shellPath = /bin/sh;
			shellScript = "\"${SRCROOT}/Pods/Target Support Files/Pods-VIPERCards/Pods-VIPERCards-frameworks.sh\"\n";
			showEnvVarsInLog = 0;
		};
/* End PBXShellScriptBuildPhase section */

/* Begin PBXSourcesBuildPhase section */
		FB51B4E51FA1139E004089B5 /* Sources */ = {
			isa = PBXSourcesBuildPhase;
			buildActionMask = 2147483647;
			files = (
				BFFCEC4F1FD4375C00234DA3 /* PlaceSearchInteractor.m in Sources */,
				FB51B4F11FA1139E004089B5 /* AppDelegate.m in Sources */,
				FB658F211FD08CF300DA059E /* SearchServiceImplementation.m in Sources */,
				BFFCEC2D1FD4095D00234DA3 /* CommonRequestBuilder.m in Sources */,
				BFFCEC4E1FD4375900234DA3 /* PlaceSearchAssembly.m in Sources */,
				FB658F2B1FD0952200DA059E /* SessionNetworkClient.m in Sources */,
				BFFCEC3C1FD4253E00234DA3 /* RequestSignersAssembly.m in Sources */,
				FB51B4EE1FA1139E004089B5 /* main.m in Sources */,
				BFFCEC1D1FD407B600234DA3 /* RequestConfiguration.m in Sources */,
				BFFCEC481FD42A6C00234DA3 /* RequestBuildersAssembly.m in Sources */,
				BFFCEC511FD4376500234DA3 /* PlaceSearchRouter.m in Sources */,
				BFFCEC501FD4376100234DA3 /* PlaceSearchViewController.m in Sources */,
				BFFCEC521FD4376900234DA3 /* PlaceSearchPresenter.m in Sources */,
				BFFCEC431FD4291300234DA3 /* NetworkClientAssembly.m in Sources */,
				BFFCEC4D1FD4301700234DA3 /* ServiceComponentsAssembly.m in Sources */,
				BFC597531FD72D100045DF30 /* Place.m in Sources */,
				FB658F2F1FD0958600DA059E /* ServiceResponse.m in Sources */,
				BFFCEC241FD4086A00234DA3 /* GoogleRequestSigner.m in Sources */,
			);
			runOnlyForDeploymentPostprocessing = 0;
		};
		FB51B4FE1FA1139E004089B5 /* Sources */ = {
			isa = PBXSourcesBuildPhase;
			buildActionMask = 2147483647;
			files = (
			);
			runOnlyForDeploymentPostprocessing = 0;
		};
/* End PBXSourcesBuildPhase section */

/* Begin PBXTargetDependency section */
		FB51B5041FA1139E004089B5 /* PBXTargetDependency */ = {
			isa = PBXTargetDependency;
			target = FB51B4E81FA1139E004089B5 /* VIPERCards */;
			targetProxy = FB51B5031FA1139E004089B5 /* PBXContainerItemProxy */;
		};
/* End PBXTargetDependency section */

/* Begin PBXVariantGroup section */
		FB51B4F51FA1139E004089B5 /* Main.storyboard */ = {
			isa = PBXVariantGroup;
			children = (
				FB51B4F61FA1139E004089B5 /* Base */,
			);
			name = Main.storyboard;
			sourceTree = "<group>";
		};
		FB51B4FA1FA1139E004089B5 /* LaunchScreen.storyboard */ = {
			isa = PBXVariantGroup;
			children = (
				FB51B4FB1FA1139E004089B5 /* Base */,
			);
			name = LaunchScreen.storyboard;
			sourceTree = "<group>";
		};
/* End PBXVariantGroup section */

/* Begin XCBuildConfiguration section */
		FB51B5091FA1139E004089B5 /* Debug */ = {
			isa = XCBuildConfiguration;
			buildSettings = {
				ALWAYS_SEARCH_USER_PATHS = NO;
				CLANG_ANALYZER_NONNULL = YES;
				CLANG_ANALYZER_NUMBER_OBJECT_CONVERSION = YES_AGGRESSIVE;
				CLANG_CXX_LANGUAGE_STANDARD = "gnu++0x";
				CLANG_CXX_LIBRARY = "libc++";
				CLANG_ENABLE_MODULES = YES;
				CLANG_ENABLE_OBJC_ARC = YES;
				CLANG_WARN_BLOCK_CAPTURE_AUTORELEASING = YES;
				CLANG_WARN_BOOL_CONVERSION = YES;
				CLANG_WARN_COMMA = YES;
				CLANG_WARN_CONSTANT_CONVERSION = YES;
				CLANG_WARN_DIRECT_OBJC_ISA_USAGE = YES_ERROR;
				CLANG_WARN_DOCUMENTATION_COMMENTS = YES;
				CLANG_WARN_EMPTY_BODY = YES;
				CLANG_WARN_ENUM_CONVERSION = YES;
				CLANG_WARN_INFINITE_RECURSION = YES;
				CLANG_WARN_INT_CONVERSION = YES;
				CLANG_WARN_NON_LITERAL_NULL_CONVERSION = YES;
				CLANG_WARN_OBJC_LITERAL_CONVERSION = YES;
				CLANG_WARN_OBJC_ROOT_CLASS = YES_ERROR;
				CLANG_WARN_RANGE_LOOP_ANALYSIS = YES;
				CLANG_WARN_STRICT_PROTOTYPES = YES;
				CLANG_WARN_SUSPICIOUS_MOVE = YES;
				CLANG_WARN_UNREACHABLE_CODE = YES;
				CLANG_WARN__DUPLICATE_METHOD_MATCH = YES;
				"CODE_SIGN_IDENTITY[sdk=iphoneos*]" = "iPhone Developer";
				COPY_PHASE_STRIP = NO;
				DEBUG_INFORMATION_FORMAT = dwarf;
				ENABLE_STRICT_OBJC_MSGSEND = YES;
				ENABLE_TESTABILITY = YES;
				GCC_C_LANGUAGE_STANDARD = gnu99;
				GCC_DYNAMIC_NO_PIC = NO;
				GCC_NO_COMMON_BLOCKS = YES;
				GCC_OPTIMIZATION_LEVEL = 0;
				GCC_PREPROCESSOR_DEFINITIONS = (
					"DEBUG=1",
					"$(inherited)",
				);
				GCC_WARN_64_TO_32_BIT_CONVERSION = YES;
				GCC_WARN_ABOUT_RETURN_TYPE = YES_ERROR;
				GCC_WARN_UNDECLARED_SELECTOR = YES;
				GCC_WARN_UNINITIALIZED_AUTOS = YES_AGGRESSIVE;
				GCC_WARN_UNUSED_FUNCTION = YES;
				GCC_WARN_UNUSED_VARIABLE = YES;
				IPHONEOS_DEPLOYMENT_TARGET = 10.3;
				MTL_ENABLE_DEBUG_INFO = YES;
				ONLY_ACTIVE_ARCH = YES;
				SDKROOT = iphoneos;
				TARGETED_DEVICE_FAMILY = 2;
			};
			name = Debug;
		};
		FB51B50A1FA1139E004089B5 /* Release */ = {
			isa = XCBuildConfiguration;
			buildSettings = {
				ALWAYS_SEARCH_USER_PATHS = NO;
				CLANG_ANALYZER_NONNULL = YES;
				CLANG_ANALYZER_NUMBER_OBJECT_CONVERSION = YES_AGGRESSIVE;
				CLANG_CXX_LANGUAGE_STANDARD = "gnu++0x";
				CLANG_CXX_LIBRARY = "libc++";
				CLANG_ENABLE_MODULES = YES;
				CLANG_ENABLE_OBJC_ARC = YES;
				CLANG_WARN_BLOCK_CAPTURE_AUTORELEASING = YES;
				CLANG_WARN_BOOL_CONVERSION = YES;
				CLANG_WARN_COMMA = YES;
				CLANG_WARN_CONSTANT_CONVERSION = YES;
				CLANG_WARN_DIRECT_OBJC_ISA_USAGE = YES_ERROR;
				CLANG_WARN_DOCUMENTATION_COMMENTS = YES;
				CLANG_WARN_EMPTY_BODY = YES;
				CLANG_WARN_ENUM_CONVERSION = YES;
				CLANG_WARN_INFINITE_RECURSION = YES;
				CLANG_WARN_INT_CONVERSION = YES;
				CLANG_WARN_NON_LITERAL_NULL_CONVERSION = YES;
				CLANG_WARN_OBJC_LITERAL_CONVERSION = YES;
				CLANG_WARN_OBJC_ROOT_CLASS = YES_ERROR;
				CLANG_WARN_RANGE_LOOP_ANALYSIS = YES;
				CLANG_WARN_STRICT_PROTOTYPES = YES;
				CLANG_WARN_SUSPICIOUS_MOVE = YES;
				CLANG_WARN_UNREACHABLE_CODE = YES;
				CLANG_WARN__DUPLICATE_METHOD_MATCH = YES;
				"CODE_SIGN_IDENTITY[sdk=iphoneos*]" = "iPhone Developer";
				COPY_PHASE_STRIP = NO;
				DEBUG_INFORMATION_FORMAT = "dwarf-with-dsym";
				ENABLE_NS_ASSERTIONS = NO;
				ENABLE_STRICT_OBJC_MSGSEND = YES;
				GCC_C_LANGUAGE_STANDARD = gnu99;
				GCC_NO_COMMON_BLOCKS = YES;
				GCC_WARN_64_TO_32_BIT_CONVERSION = YES;
				GCC_WARN_ABOUT_RETURN_TYPE = YES_ERROR;
				GCC_WARN_UNDECLARED_SELECTOR = YES;
				GCC_WARN_UNINITIALIZED_AUTOS = YES_AGGRESSIVE;
				GCC_WARN_UNUSED_FUNCTION = YES;
				GCC_WARN_UNUSED_VARIABLE = YES;
				IPHONEOS_DEPLOYMENT_TARGET = 10.3;
				MTL_ENABLE_DEBUG_INFO = NO;
				SDKROOT = iphoneos;
				TARGETED_DEVICE_FAMILY = 2;
				VALIDATE_PRODUCT = YES;
			};
			name = Release;
		};
		FB51B50C1FA1139E004089B5 /* Debug */ = {
			isa = XCBuildConfiguration;
			baseConfigurationReference = B63CA82F50C6D71BFB3671FB /* Pods-VIPERCards.debug.xcconfig */;
			buildSettings = {
				ASSETCATALOG_COMPILER_APPICON_NAME = AppIcon;
				DEVELOPMENT_TEAM = L5RSLCXRTP;
				INFOPLIST_FILE = VIPERCards/Info.plist;
				IPHONEOS_DEPLOYMENT_TARGET = 10.0;
				LD_RUNPATH_SEARCH_PATHS = "$(inherited) @executable_path/Frameworks";
				PRODUCT_BUNDLE_IDENTIFIER = com.none.VIPERCards;
				PRODUCT_NAME = "$(TARGET_NAME)";
				TARGETED_DEVICE_FAMILY = 1;
			};
			name = Debug;
		};
		FB51B50D1FA1139E004089B5 /* Release */ = {
			isa = XCBuildConfiguration;
			baseConfigurationReference = 23BEF492060C08E609D89EB5 /* Pods-VIPERCards.release.xcconfig */;
			buildSettings = {
				ASSETCATALOG_COMPILER_APPICON_NAME = AppIcon;
				DEVELOPMENT_TEAM = L5RSLCXRTP;
				INFOPLIST_FILE = VIPERCards/Info.plist;
				IPHONEOS_DEPLOYMENT_TARGET = 10.0;
				LD_RUNPATH_SEARCH_PATHS = "$(inherited) @executable_path/Frameworks";
				PRODUCT_BUNDLE_IDENTIFIER = com.none.VIPERCards;
				PRODUCT_NAME = "$(TARGET_NAME)";
				TARGETED_DEVICE_FAMILY = 1;
			};
			name = Release;
		};
		FB51B50F1FA1139E004089B5 /* Debug */ = {
			isa = XCBuildConfiguration;
			buildSettings = {
				BUNDLE_LOADER = "$(TEST_HOST)";
				DEVELOPMENT_TEAM = L5RSLCXRTP;
				INFOPLIST_FILE = VIPERCardsTests/Info.plist;
				LD_RUNPATH_SEARCH_PATHS = "$(inherited) @executable_path/Frameworks @loader_path/Frameworks";
				PRODUCT_BUNDLE_IDENTIFIER = com.none.VIPERCardsTests;
				PRODUCT_NAME = "$(TARGET_NAME)";
				TEST_HOST = "$(BUILT_PRODUCTS_DIR)/VIPERCards.app/VIPERCards";
			};
			name = Debug;
		};
		FB51B5101FA1139E004089B5 /* Release */ = {
			isa = XCBuildConfiguration;
			buildSettings = {
				BUNDLE_LOADER = "$(TEST_HOST)";
				DEVELOPMENT_TEAM = L5RSLCXRTP;
				INFOPLIST_FILE = VIPERCardsTests/Info.plist;
				LD_RUNPATH_SEARCH_PATHS = "$(inherited) @executable_path/Frameworks @loader_path/Frameworks";
				PRODUCT_BUNDLE_IDENTIFIER = com.none.VIPERCardsTests;
				PRODUCT_NAME = "$(TARGET_NAME)";
				TEST_HOST = "$(BUILT_PRODUCTS_DIR)/VIPERCards.app/VIPERCards";
			};
			name = Release;
		};
/* End XCBuildConfiguration section */

/* Begin XCConfigurationList section */
		FB51B4E41FA1139E004089B5 /* Build configuration list for PBXProject "VIPERCards" */ = {
			isa = XCConfigurationList;
			buildConfigurations = (
				FB51B5091FA1139E004089B5 /* Debug */,
				FB51B50A1FA1139E004089B5 /* Release */,
			);
			defaultConfigurationIsVisible = 0;
			defaultConfigurationName = Release;
		};
		FB51B50B1FA1139E004089B5 /* Build configuration list for PBXNativeTarget "VIPERCards" */ = {
			isa = XCConfigurationList;
			buildConfigurations = (
				FB51B50C1FA1139E004089B5 /* Debug */,
				FB51B50D1FA1139E004089B5 /* Release */,
			);
			defaultConfigurationIsVisible = 0;
			defaultConfigurationName = Release;
		};
		FB51B50E1FA1139E004089B5 /* Build configuration list for PBXNativeTarget "VIPERCardsTests" */ = {
			isa = XCConfigurationList;
			buildConfigurations = (
				FB51B50F1FA1139E004089B5 /* Debug */,
				FB51B5101FA1139E004089B5 /* Release */,
			);
			defaultConfigurationIsVisible = 0;
			defaultConfigurationName = Release;
		};
/* End XCConfigurationList section */
	};
	rootObject = FB51B4E11FA1139E004089B5 /* Project object */;
}
