// !$*UTF8*$!
{
	archiveVersion = 1;
	classes = {
	};
	objectVersion = 46;
	objects = {

/* Begin PBXBuildFile section */
		05FD96692A790C760AAE14EA /* VPRCardsListPresenterTests.m in Sources */ = {isa = PBXBuildFile; fileRef = 913DB43766A78EA2F4BA5C87 /* VPRCardsListPresenterTests.m */; };
		470D0EF12D74E1831C4B70F7 /* VPRCardsListInteractorTests.m in Sources */ = {isa = PBXBuildFile; fileRef = A99260E48F647AE16533B3C9 /* VPRCardsListInteractorTests.m */; };
		5A8B3CAC95F69AC95125A11C /* VPRCardsListViewControllerTests.m in Sources */ = {isa = PBXBuildFile; fileRef = A271BC02186AE3B85E4FDAA0 /* VPRCardsListViewControllerTests.m */; };
		71F5DD4CDA8FF90B46C3681F /* VPRCardsListRouterTests.m in Sources */ = {isa = PBXBuildFile; fileRef = D7DD1264B7D46B41E0985A48 /* VPRCardsListRouterTests.m */; };
		769CD9F3F2E8F66C4FBEAE33 /* VPRCardsListAssemblyTests.m in Sources */ = {isa = PBXBuildFile; fileRef = 6FCB0E37DEB1EF6F184D7B82 /* VPRCardsListAssemblyTests.m */; };
		B6CA586DFA498896BDA3D7F8 /* Pods_VIPERCards.framework in Frameworks */ = {isa = PBXBuildFile; fileRef = 6358B555595B85845B81BFE6 /* Pods_VIPERCards.framework */; };
		FB51B4EE1FA1139E004089B5 /* main.m in Sources */ = {isa = PBXBuildFile; fileRef = FB51B4ED1FA1139E004089B5 /* main.m */; };
		FB51B4F11FA1139E004089B5 /* AppDelegate.m in Sources */ = {isa = PBXBuildFile; fileRef = FB51B4F01FA1139E004089B5 /* AppDelegate.m */; };
		FB51B4F71FA1139E004089B5 /* Main.storyboard in Resources */ = {isa = PBXBuildFile; fileRef = FB51B4F51FA1139E004089B5 /* Main.storyboard */; };
		FB51B4F91FA1139E004089B5 /* Assets.xcassets in Resources */ = {isa = PBXBuildFile; fileRef = FB51B4F81FA1139E004089B5 /* Assets.xcassets */; };
		FB51B4FC1FA1139E004089B5 /* LaunchScreen.storyboard in Resources */ = {isa = PBXBuildFile; fileRef = FB51B4FA1FA1139E004089B5 /* LaunchScreen.storyboard */; };
/* End PBXBuildFile section */

/* Begin PBXContainerItemProxy section */
		FB51B5031FA1139E004089B5 /* PBXContainerItemProxy */ = {
			isa = PBXContainerItemProxy;
			containerPortal = FB51B4E11FA1139E004089B5 /* Project object */;
			proxyType = 1;
			remoteGlobalIDString = FB51B4E81FA1139E004089B5;
			remoteInfo = VIPERCards;
		};
/* End PBXContainerItemProxy section */

/* Begin PBXFileReference section */
		23BEF492060C08E609D89EB5 /* Pods-VIPERCards.release.xcconfig */ = {isa = PBXFileReference; includeInIndex = 1; lastKnownFileType = text.xcconfig; name = "Pods-VIPERCards.release.xcconfig"; path = "Pods/Target Support Files/Pods-VIPERCards/Pods-VIPERCards.release.xcconfig"; sourceTree = "<group>"; };
		6358B555595B85845B81BFE6 /* Pods_VIPERCards.framework */ = {isa = PBXFileReference; explicitFileType = wrapper.framework; includeInIndex = 0; path = Pods_VIPERCards.framework; sourceTree = BUILT_PRODUCTS_DIR; };
		649A77770E4D4059983A6407 /* VPRCardsListAssembly_Testable.h */ = {isa = PBXFileReference; includeInIndex = 1; lastKnownFileType = sourcecode.c.h; name = VPRCardsListAssembly_Testable.h; path = "../../../../../../VIPERCardsTests/VIPERCardsTests/UseCases Tests/CardsList/Assembly/VPRCardsListAssembly_Testable.h"; sourceTree = "<group>"; };
		6FCB0E37DEB1EF6F184D7B82 /* VPRCardsListAssemblyTests.m */ = {isa = PBXFileReference; includeInIndex = 1; lastKnownFileType = sourcecode.c.objc; name = VPRCardsListAssemblyTests.m; path = "../../../../../../VIPERCardsTests/VIPERCardsTests/UseCases Tests/CardsList/Assembly/VPRCardsListAssemblyTests.m"; sourceTree = "<group>"; };
		913DB43766A78EA2F4BA5C87 /* VPRCardsListPresenterTests.m */ = {isa = PBXFileReference; includeInIndex = 1; lastKnownFileType = sourcecode.c.objc; name = VPRCardsListPresenterTests.m; path = "../../../../../../VIPERCardsTests/VIPERCardsTests/UseCases Tests/CardsList/Presenter/VPRCardsListPresenterTests.m"; sourceTree = "<group>"; };
		A271BC02186AE3B85E4FDAA0 /* VPRCardsListViewControllerTests.m */ = {isa = PBXFileReference; includeInIndex = 1; lastKnownFileType = sourcecode.c.objc; name = VPRCardsListViewControllerTests.m; path = "../../../../../../VIPERCardsTests/VIPERCardsTests/UseCases Tests/CardsList/View/VPRCardsListViewControllerTests.m"; sourceTree = "<group>"; };
		A99260E48F647AE16533B3C9 /* VPRCardsListInteractorTests.m */ = {isa = PBXFileReference; includeInIndex = 1; lastKnownFileType = sourcecode.c.objc; name = VPRCardsListInteractorTests.m; path = "../../../../../../VIPERCardsTests/VIPERCardsTests/UseCases Tests/CardsList/Interactor/VPRCardsListInteractorTests.m"; sourceTree = "<group>"; };
		B63CA82F50C6D71BFB3671FB /* Pods-VIPERCards.debug.xcconfig */ = {isa = PBXFileReference; includeInIndex = 1; lastKnownFileType = text.xcconfig; name = "Pods-VIPERCards.debug.xcconfig"; path = "Pods/Target Support Files/Pods-VIPERCards/Pods-VIPERCards.debug.xcconfig"; sourceTree = "<group>"; };
		D7DD1264B7D46B41E0985A48 /* VPRCardsListRouterTests.m */ = {isa = PBXFileReference; includeInIndex = 1; lastKnownFileType = sourcecode.c.objc; name = VPRCardsListRouterTests.m; path = "../../../../../../VIPERCardsTests/VIPERCardsTests/UseCases Tests/CardsList/Router/VPRCardsListRouterTests.m"; sourceTree = "<group>"; };
		FB51B4E91FA1139E004089B5 /* VIPERCards.app */ = {isa = PBXFileReference; explicitFileType = wrapper.application; includeInIndex = 0; path = VIPERCards.app; sourceTree = BUILT_PRODUCTS_DIR; };
		FB51B4ED1FA1139E004089B5 /* main.m */ = {isa = PBXFileReference; lastKnownFileType = sourcecode.c.objc; path = main.m; sourceTree = "<group>"; };
		FB51B4EF1FA1139E004089B5 /* AppDelegate.h */ = {isa = PBXFileReference; lastKnownFileType = sourcecode.c.h; path = AppDelegate.h; sourceTree = "<group>"; };
		FB51B4F01FA1139E004089B5 /* AppDelegate.m */ = {isa = PBXFileReference; lastKnownFileType = sourcecode.c.objc; path = AppDelegate.m; sourceTree = "<group>"; };
		FB51B4F61FA1139E004089B5 /* Base */ = {isa = PBXFileReference; lastKnownFileType = file.storyboard; name = Base; path = Base.lproj/Main.storyboard; sourceTree = "<group>"; };
		FB51B4F81FA1139E004089B5 /* Assets.xcassets */ = {isa = PBXFileReference; lastKnownFileType = folder.assetcatalog; name = Assets.xcassets; path = ../Assets.xcassets; sourceTree = "<group>"; };
		FB51B4FB1FA1139E004089B5 /* Base */ = {isa = PBXFileReference; lastKnownFileType = file.storyboard; name = Base; path = Base.lproj/LaunchScreen.storyboard; sourceTree = "<group>"; };
		FB51B4FD1FA1139E004089B5 /* Info.plist */ = {isa = PBXFileReference; lastKnownFileType = text.plist.xml; path = Info.plist; sourceTree = "<group>"; };
		FB51B5021FA1139E004089B5 /* VIPERCardsTests.xctest */ = {isa = PBXFileReference; explicitFileType = wrapper.cfbundle; includeInIndex = 0; path = VIPERCardsTests.xctest; sourceTree = BUILT_PRODUCTS_DIR; };
		FB51B5081FA1139E004089B5 /* Info.plist */ = {isa = PBXFileReference; lastKnownFileType = text.plist.xml; path = Info.plist; sourceTree = "<group>"; };
/* End PBXFileReference section */

/* Begin PBXFrameworksBuildPhase section */
		FB51B4E61FA1139E004089B5 /* Frameworks */ = {
			isa = PBXFrameworksBuildPhase;
			buildActionMask = 2147483647;
			files = (
				B6CA586DFA498896BDA3D7F8 /* Pods_VIPERCards.framework in Frameworks */,
			);
			runOnlyForDeploymentPostprocessing = 0;
		};
		FB51B4FF1FA1139E004089B5 /* Frameworks */ = {
			isa = PBXFrameworksBuildPhase;
			buildActionMask = 2147483647;
			files = (
			);
			runOnlyForDeploymentPostprocessing = 0;
		};
/* End PBXFrameworksBuildPhase section */

/* Begin PBXGroup section */
		3F5919685923A3FC31D73665 /* View */ = {
			isa = PBXGroup;
			children = (
				A271BC02186AE3B85E4FDAA0 /* VPRCardsListViewControllerTests.m */,
			);
			path = View;
			sourceTree = "<group>";
		};
		4C463BB9A6D94558773E160D /* Router */ = {
			isa = PBXGroup;
			children = (
				D7DD1264B7D46B41E0985A48 /* VPRCardsListRouterTests.m */,
			);
			path = Router;
			sourceTree = "<group>";
		};
		73AF3E35ACFD5FE0DC30EC27 /* Interactor */ = {
			isa = PBXGroup;
			children = (
				A99260E48F647AE16533B3C9 /* VPRCardsListInteractorTests.m */,
			);
			path = Interactor;
			sourceTree = "<group>";
		};
		885EBA41EBC5BF135EDAF0F7 /* CardsList */ = {
			isa = PBXGroup;
			children = (
				9F40368D75023F0DDAE820F5 /* Assembly */,
				3F5919685923A3FC31D73665 /* View */,
				984340B9B9112351855274C5 /* Presenter */,
				73AF3E35ACFD5FE0DC30EC27 /* Interactor */,
				4C463BB9A6D94558773E160D /* Router */,
			);
			path = CardsList;
			sourceTree = "<group>";
		};
		89294988561D1AF726117989 /* VIPERCardsTests */ = {
			isa = PBXGroup;
			children = (
				FC9AF5FE46DBEE7F1A76FDBA /* UseCases Tests */,
			);
			path = VIPERCardsTests;
			sourceTree = "<group>";
		};
		984340B9B9112351855274C5 /* Presenter */ = {
			isa = PBXGroup;
			children = (
				913DB43766A78EA2F4BA5C87 /* VPRCardsListPresenterTests.m */,
			);
			path = Presenter;
			sourceTree = "<group>";
		};
		9F40368D75023F0DDAE820F5 /* Assembly */ = {
			isa = PBXGroup;
			children = (
				6FCB0E37DEB1EF6F184D7B82 /* VPRCardsListAssemblyTests.m */,
				649A77770E4D4059983A6407 /* VPRCardsListAssembly_Testable.h */,
			);
			path = Assembly;
			sourceTree = "<group>";
		};
		9FB58144BEB4E4BB7FCF3952 /* Pods */ = {
			isa = PBXGroup;
			children = (
				B63CA82F50C6D71BFB3671FB /* Pods-VIPERCards.debug.xcconfig */,
				23BEF492060C08E609D89EB5 /* Pods-VIPERCards.release.xcconfig */,
			);
			name = Pods;
			sourceTree = "<group>";
		};
		E4C34F4FB8300157527612F0 /* Frameworks */ = {
			isa = PBXGroup;
			children = (
				6358B555595B85845B81BFE6 /* Pods_VIPERCards.framework */,
			);
			name = Frameworks;
			sourceTree = "<group>";
		};
		FB51B4E01FA1139E004089B5 = {
			isa = PBXGroup;
			children = (
				FB51B4EB1FA1139E004089B5 /* VIPERCards */,
				FB51B5051FA1139E004089B5 /* VIPERCardsTests */,
				FB51B4EA1FA1139E004089B5 /* Products */,
				9FB58144BEB4E4BB7FCF3952 /* Pods */,
				E4C34F4FB8300157527612F0 /* Frameworks */,
			);
			sourceTree = "<group>";
		};
		FB51B4EA1FA1139E004089B5 /* Products */ = {
			isa = PBXGroup;
			children = (
				FB51B4E91FA1139E004089B5 /* VIPERCards.app */,
				FB51B5021FA1139E004089B5 /* VIPERCardsTests.xctest */,
			);
			name = Products;
			sourceTree = "<group>";
		};
		FB51B4EB1FA1139E004089B5 /* VIPERCards */ = {
			isa = PBXGroup;
			children = (
				FB51B5471FA1CFE5004089B5 /* Resources */,
				FB51B5451FA1CF92004089B5 /* Use Cases */,
				FB51B4EF1FA1139E004089B5 /* AppDelegate.h */,
				FB51B4F01FA1139E004089B5 /* AppDelegate.m */,
				FB51B4F51FA1139E004089B5 /* Main.storyboard */,
				FB51B4EC1FA1139E004089B5 /* Supporting Files */,
			);
			path = VIPERCards;
			sourceTree = "<group>";
		};
		FB51B4EC1FA1139E004089B5 /* Supporting Files */ = {
			isa = PBXGroup;
			children = (
				FB51B4FA1FA1139E004089B5 /* LaunchScreen.storyboard */,
				FB51B4FD1FA1139E004089B5 /* Info.plist */,
				FB51B4ED1FA1139E004089B5 /* main.m */,
			);
			name = "Supporting Files";
			sourceTree = "<group>";
		};
		FB51B5051FA1139E004089B5 /* VIPERCardsTests */ = {
			isa = PBXGroup;
			children = (
				FB51B5461FA1CF9C004089B5 /* UseCases Tests */,
				FB51B5081FA1139E004089B5 /* Info.plist */,
				89294988561D1AF726117989 /* VIPERCardsTests */,
			);
			path = VIPERCardsTests;
			sourceTree = "<group>";
		};
		FB51B5451FA1CF92004089B5 /* Use Cases */ = {
			isa = PBXGroup;
			children = (
			);
			path = "Use Cases";
			sourceTree = "<group>";
		};
		FB51B5461FA1CF9C004089B5 /* UseCases Tests */ = {
			isa = PBXGroup;
			children = (
			);
			name = "UseCases Tests";
			path = "VIPERCardsTests/UseCases Tests";
			sourceTree = "<group>";
		};
		FB51B5471FA1CFE5004089B5 /* Resources */ = {
			isa = PBXGroup;
			children = (
				FB51B4F81FA1139E004089B5 /* Assets.xcassets */,
			);
			path = Resources;
			sourceTree = "<group>";
		};
		FC9AF5FE46DBEE7F1A76FDBA /* UseCases Tests */ = {
			isa = PBXGroup;
			children = (
				885EBA41EBC5BF135EDAF0F7 /* CardsList */,
			);
			path = "UseCases Tests";
			sourceTree = "<group>";
		};
/* End PBXGroup section */

/* Begin PBXNativeTarget section */
		FB51B4E81FA1139E004089B5 /* VIPERCards */ = {
			isa = PBXNativeTarget;
			buildConfigurationList = FB51B50B1FA1139E004089B5 /* Build configuration list for PBXNativeTarget "VIPERCards" */;
			buildPhases = (
				D28B2EA8B3433AD4AA63870B /* [CP] Check Pods Manifest.lock */,
				FB51B4E51FA1139E004089B5 /* Sources */,
				FB51B4E61FA1139E004089B5 /* Frameworks */,
				FB51B4E71FA1139E004089B5 /* Resources */,
				E1F2F56835D23D61B7828320 /* [CP] Embed Pods Frameworks */,
				C4190AB6F33024EF469A3DB2 /* [CP] Copy Pods Resources */,
			);
			buildRules = (
			);
			dependencies = (
			);
			name = VIPERCards;
			productName = VIPERCards;
			productReference = FB51B4E91FA1139E004089B5 /* VIPERCards.app */;
			productType = "com.apple.product-type.application";
		};
		FB51B5011FA1139E004089B5 /* VIPERCardsTests */ = {
			isa = PBXNativeTarget;
			buildConfigurationList = FB51B50E1FA1139E004089B5 /* Build configuration list for PBXNativeTarget "VIPERCardsTests" */;
			buildPhases = (
				FB51B4FE1FA1139E004089B5 /* Sources */,
				FB51B4FF1FA1139E004089B5 /* Frameworks */,
				FB51B5001FA1139E004089B5 /* Resources */,
			);
			buildRules = (
			);
			dependencies = (
				FB51B5041FA1139E004089B5 /* PBXTargetDependency */,
			);
			name = VIPERCardsTests;
			productName = VIPERCardsTests;
			productReference = FB51B5021FA1139E004089B5 /* VIPERCardsTests.xctest */;
			productType = "com.apple.product-type.bundle.unit-test";
		};
/* End PBXNativeTarget section */

/* Begin PBXProject section */
		FB51B4E11FA1139E004089B5 /* Project object */ = {
			isa = PBXProject;
			attributes = {
				LastUpgradeCheck = 0830;
				ORGANIZATIONNAME = "Dmytro Vdovychenko";
				TargetAttributes = {
					FB51B4E81FA1139E004089B5 = {
						CreatedOnToolsVersion = 8.3.3;
						DevelopmentTeam = L5RSLCXRTP;
						ProvisioningStyle = Automatic;
					};
					FB51B5011FA1139E004089B5 = {
						CreatedOnToolsVersion = 8.3.3;
						DevelopmentTeam = L5RSLCXRTP;
						ProvisioningStyle = Automatic;
						TestTargetID = FB51B4E81FA1139E004089B5;
					};
				};
			};
			buildConfigurationList = FB51B4E41FA1139E004089B5 /* Build configuration list for PBXProject "VIPERCards" */;
			compatibilityVersion = "Xcode 3.2";
			developmentRegion = English;
			hasScannedForEncodings = 0;
			knownRegions = (
				en,
				Base,
			);
			mainGroup = FB51B4E01FA1139E004089B5;
			productRefGroup = FB51B4EA1FA1139E004089B5 /* Products */;
			projectDirPath = "";
			projectRoot = "";
			targets = (
				FB51B4E81FA1139E004089B5 /* VIPERCards */,
				FB51B5011FA1139E004089B5 /* VIPERCardsTests */,
			);
		};
/* End PBXProject section */

/* Begin PBXResourcesBuildPhase section */
		FB51B4E71FA1139E004089B5 /* Resources */ = {
			isa = PBXResourcesBuildPhase;
			buildActionMask = 2147483647;
			files = (
				FB51B4FC1FA1139E004089B5 /* LaunchScreen.storyboard in Resources */,
				FB51B4F91FA1139E004089B5 /* Assets.xcassets in Resources */,
				FB51B4F71FA1139E004089B5 /* Main.storyboard in Resources */,
			);
			runOnlyForDeploymentPostprocessing = 0;
		};
		FB51B5001FA1139E004089B5 /* Resources */ = {
			isa = PBXResourcesBuildPhase;
			buildActionMask = 2147483647;
			files = (
			);
			runOnlyForDeploymentPostprocessing = 0;
		};
/* End PBXResourcesBuildPhase section */

/* Begin PBXShellScriptBuildPhase section */
		C4190AB6F33024EF469A3DB2 /* [CP] Copy Pods Resources */ = {
			isa = PBXShellScriptBuildPhase;
			buildActionMask = 2147483647;
			files = (
			);
			inputPaths = (
			);
			name = "[CP] Copy Pods Resources";
			outputPaths = (
			);
			runOnlyForDeploymentPostprocessing = 0;
			shellPath = /bin/sh;
			shellScript = "\"${SRCROOT}/Pods/Target Support Files/Pods-VIPERCards/Pods-VIPERCards-resources.sh\"\n";
			showEnvVarsInLog = 0;
		};
		D28B2EA8B3433AD4AA63870B /* [CP] Check Pods Manifest.lock */ = {
			isa = PBXShellScriptBuildPhase;
			buildActionMask = 2147483647;
			files = (
			);
			inputPaths = (
				"${PODS_PODFILE_DIR_PATH}/Podfile.lock",
				"${PODS_ROOT}/Manifest.lock",
			);
			name = "[CP] Check Pods Manifest.lock";
			outputPaths = (
				"$(DERIVED_FILE_DIR)/Pods-VIPERCards-checkManifestLockResult.txt",
			);
			runOnlyForDeploymentPostprocessing = 0;
			shellPath = /bin/sh;
			shellScript = "diff \"${PODS_PODFILE_DIR_PATH}/Podfile.lock\" \"${PODS_ROOT}/Manifest.lock\" > /dev/null\nif [ $? != 0 ] ; then\n    # print error to STDERR\n    echo \"error: The sandbox is not in sync with the Podfile.lock. Run 'pod install' or update your CocoaPods installation.\" >&2\n    exit 1\nfi\n# This output is used by Xcode 'outputs' to avoid re-running this script phase.\necho \"SUCCESS\" > \"${SCRIPT_OUTPUT_FILE_0}\"\n";
			showEnvVarsInLog = 0;
		};
		E1F2F56835D23D61B7828320 /* [CP] Embed Pods Frameworks */ = {
			isa = PBXShellScriptBuildPhase;
			buildActionMask = 2147483647;
			files = (
			);
			inputPaths = (
				"${SRCROOT}/Pods/Target Support Files/Pods-VIPERCards/Pods-VIPERCards-frameworks.sh",
				"${BUILT_PRODUCTS_DIR}/Typhoon/Typhoon.framework",
				"${BUILT_PRODUCTS_DIR}/ViperMcFlurry/ViperMcFlurry.framework",
			);
			name = "[CP] Embed Pods Frameworks";
			outputPaths = (
				"${TARGET_BUILD_DIR}/${FRAMEWORKS_FOLDER_PATH}/Typhoon.framework",
				"${TARGET_BUILD_DIR}/${FRAMEWORKS_FOLDER_PATH}/ViperMcFlurry.framework",
			);
			runOnlyForDeploymentPostprocessing = 0;
			shellPath = /bin/sh;
			shellScript = "\"${SRCROOT}/Pods/Target Support Files/Pods-VIPERCards/Pods-VIPERCards-frameworks.sh\"\n";
			showEnvVarsInLog = 0;
		};
/* End PBXShellScriptBuildPhase section */

/* Begin PBXSourcesBuildPhase section */
		FB51B4E51FA1139E004089B5 /* Sources */ = {
			isa = PBXSourcesBuildPhase;
			buildActionMask = 2147483647;
			files = (
				FB51B4F11FA1139E004089B5 /* AppDelegate.m in Sources */,
				FB51B4EE1FA1139E004089B5 /* main.m in Sources */,
			);
			runOnlyForDeploymentPostprocessing = 0;
		};
		FB51B4FE1FA1139E004089B5 /* Sources */ = {
			isa = PBXSourcesBuildPhase;
			buildActionMask = 2147483647;
			files = (
				769CD9F3F2E8F66C4FBEAE33 /* VPRCardsListAssemblyTests.m in Sources */,
				5A8B3CAC95F69AC95125A11C /* VPRCardsListViewControllerTests.m in Sources */,
				05FD96692A790C760AAE14EA /* VPRCardsListPresenterTests.m in Sources */,
				470D0EF12D74E1831C4B70F7 /* VPRCardsListInteractorTests.m in Sources */,
				71F5DD4CDA8FF90B46C3681F /* VPRCardsListRouterTests.m in Sources */,
			);
			runOnlyForDeploymentPostprocessing = 0;
		};
/* End PBXSourcesBuildPhase section */

/* Begin PBXTargetDependency section */
		FB51B5041FA1139E004089B5 /* PBXTargetDependency */ = {
			isa = PBXTargetDependency;
			target = FB51B4E81FA1139E004089B5 /* VIPERCards */;
			targetProxy = FB51B5031FA1139E004089B5 /* PBXContainerItemProxy */;
		};
/* End PBXTargetDependency section */

/* Begin PBXVariantGroup section */
		FB51B4F51FA1139E004089B5 /* Main.storyboard */ = {
			isa = PBXVariantGroup;
			children = (
				FB51B4F61FA1139E004089B5 /* Base */,
			);
			name = Main.storyboard;
			sourceTree = "<group>";
		};
		FB51B4FA1FA1139E004089B5 /* LaunchScreen.storyboard */ = {
			isa = PBXVariantGroup;
			children = (
				FB51B4FB1FA1139E004089B5 /* Base */,
			);
			name = LaunchScreen.storyboard;
			sourceTree = "<group>";
		};
/* End PBXVariantGroup section */

/* Begin XCBuildConfiguration section */
		FB51B5091FA1139E004089B5 /* Debug */ = {
			isa = XCBuildConfiguration;
			buildSettings = {
				ALWAYS_SEARCH_USER_PATHS = NO;
				CLANG_ANALYZER_NONNULL = YES;
				CLANG_ANALYZER_NUMBER_OBJECT_CONVERSION = YES_AGGRESSIVE;
				CLANG_CXX_LANGUAGE_STANDARD = "gnu++0x";
				CLANG_CXX_LIBRARY = "libc++";
				CLANG_ENABLE_MODULES = YES;
				CLANG_ENABLE_OBJC_ARC = YES;
				CLANG_WARN_BOOL_CONVERSION = YES;
				CLANG_WARN_CONSTANT_CONVERSION = YES;
				CLANG_WARN_DIRECT_OBJC_ISA_USAGE = YES_ERROR;
				CLANG_WARN_DOCUMENTATION_COMMENTS = YES;
				CLANG_WARN_EMPTY_BODY = YES;
				CLANG_WARN_ENUM_CONVERSION = YES;
				CLANG_WARN_INFINITE_RECURSION = YES;
				CLANG_WARN_INT_CONVERSION = YES;
				CLANG_WARN_OBJC_ROOT_CLASS = YES_ERROR;
				CLANG_WARN_SUSPICIOUS_MOVE = YES;
				CLANG_WARN_UNREACHABLE_CODE = YES;
				CLANG_WARN__DUPLICATE_METHOD_MATCH = YES;
				"CODE_SIGN_IDENTITY[sdk=iphoneos*]" = "iPhone Developer";
				COPY_PHASE_STRIP = NO;
				DEBUG_INFORMATION_FORMAT = dwarf;
				ENABLE_STRICT_OBJC_MSGSEND = YES;
				ENABLE_TESTABILITY = YES;
				GCC_C_LANGUAGE_STANDARD = gnu99;
				GCC_DYNAMIC_NO_PIC = NO;
				GCC_NO_COMMON_BLOCKS = YES;
				GCC_OPTIMIZATION_LEVEL = 0;
				GCC_PREPROCESSOR_DEFINITIONS = (
					"DEBUG=1",
					"$(inherited)",
				);
				GCC_WARN_64_TO_32_BIT_CONVERSION = YES;
				GCC_WARN_ABOUT_RETURN_TYPE = YES_ERROR;
				GCC_WARN_UNDECLARED_SELECTOR = YES;
				GCC_WARN_UNINITIALIZED_AUTOS = YES_AGGRESSIVE;
				GCC_WARN_UNUSED_FUNCTION = YES;
				GCC_WARN_UNUSED_VARIABLE = YES;
				IPHONEOS_DEPLOYMENT_TARGET = 10.3;
				MTL_ENABLE_DEBUG_INFO = YES;
				ONLY_ACTIVE_ARCH = YES;
				SDKROOT = iphoneos;
				TARGETED_DEVICE_FAMILY = 2;
			};
			name = Debug;
		};
		FB51B50A1FA1139E004089B5 /* Release */ = {
			isa = XCBuildConfiguration;
			buildSettings = {
				ALWAYS_SEARCH_USER_PATHS = NO;
				CLANG_ANALYZER_NONNULL = YES;
				CLANG_ANALYZER_NUMBER_OBJECT_CONVERSION = YES_AGGRESSIVE;
				CLANG_CXX_LANGUAGE_STANDARD = "gnu++0x";
				CLANG_CXX_LIBRARY = "libc++";
				CLANG_ENABLE_MODULES = YES;
				CLANG_ENABLE_OBJC_ARC = YES;
				CLANG_WARN_BOOL_CONVERSION = YES;
				CLANG_WARN_CONSTANT_CONVERSION = YES;
				CLANG_WARN_DIRECT_OBJC_ISA_USAGE = YES_ERROR;
				CLANG_WARN_DOCUMENTATION_COMMENTS = YES;
				CLANG_WARN_EMPTY_BODY = YES;
				CLANG_WARN_ENUM_CONVERSION = YES;
				CLANG_WARN_INFINITE_RECURSION = YES;
				CLANG_WARN_INT_CONVERSION = YES;
				CLANG_WARN_OBJC_ROOT_CLASS = YES_ERROR;
				CLANG_WARN_SUSPICIOUS_MOVE = YES;
				CLANG_WARN_UNREACHABLE_CODE = YES;
				CLANG_WARN__DUPLICATE_METHOD_MATCH = YES;
				"CODE_SIGN_IDENTITY[sdk=iphoneos*]" = "iPhone Developer";
				COPY_PHASE_STRIP = NO;
				DEBUG_INFORMATION_FORMAT = "dwarf-with-dsym";
				ENABLE_NS_ASSERTIONS = NO;
				ENABLE_STRICT_OBJC_MSGSEND = YES;
				GCC_C_LANGUAGE_STANDARD = gnu99;
				GCC_NO_COMMON_BLOCKS = YES;
				GCC_WARN_64_TO_32_BIT_CONVERSION = YES;
				GCC_WARN_ABOUT_RETURN_TYPE = YES_ERROR;
				GCC_WARN_UNDECLARED_SELECTOR = YES;
				GCC_WARN_UNINITIALIZED_AUTOS = YES_AGGRESSIVE;
				GCC_WARN_UNUSED_FUNCTION = YES;
				GCC_WARN_UNUSED_VARIABLE = YES;
				IPHONEOS_DEPLOYMENT_TARGET = 10.3;
				MTL_ENABLE_DEBUG_INFO = NO;
				SDKROOT = iphoneos;
				TARGETED_DEVICE_FAMILY = 2;
				VALIDATE_PRODUCT = YES;
			};
			name = Release;
		};
		FB51B50C1FA1139E004089B5 /* Debug */ = {
			isa = XCBuildConfiguration;
			baseConfigurationReference = B63CA82F50C6D71BFB3671FB /* Pods-VIPERCards.debug.xcconfig */;
			buildSettings = {
				ASSETCATALOG_COMPILER_APPICON_NAME = AppIcon;
				DEVELOPMENT_TEAM = L5RSLCXRTP;
				INFOPLIST_FILE = VIPERCards/Info.plist;
				IPHONEOS_DEPLOYMENT_TARGET = 10.0;
				LD_RUNPATH_SEARCH_PATHS = "$(inherited) @executable_path/Frameworks";
				PRODUCT_BUNDLE_IDENTIFIER = com.none.VIPERCards;
				PRODUCT_NAME = "$(TARGET_NAME)";
				TARGETED_DEVICE_FAMILY = 1;
			};
			name = Debug;
		};
		FB51B50D1FA1139E004089B5 /* Release */ = {
			isa = XCBuildConfiguration;
			baseConfigurationReference = 23BEF492060C08E609D89EB5 /* Pods-VIPERCards.release.xcconfig */;
			buildSettings = {
				ASSETCATALOG_COMPILER_APPICON_NAME = AppIcon;
				DEVELOPMENT_TEAM = L5RSLCXRTP;
				INFOPLIST_FILE = VIPERCards/Info.plist;
				IPHONEOS_DEPLOYMENT_TARGET = 10.0;
				LD_RUNPATH_SEARCH_PATHS = "$(inherited) @executable_path/Frameworks";
				PRODUCT_BUNDLE_IDENTIFIER = com.none.VIPERCards;
				PRODUCT_NAME = "$(TARGET_NAME)";
				TARGETED_DEVICE_FAMILY = 1;
			};
			name = Release;
		};
		FB51B50F1FA1139E004089B5 /* Debug */ = {
			isa = XCBuildConfiguration;
			buildSettings = {
				BUNDLE_LOADER = "$(TEST_HOST)";
				DEVELOPMENT_TEAM = L5RSLCXRTP;
				INFOPLIST_FILE = VIPERCardsTests/Info.plist;
				LD_RUNPATH_SEARCH_PATHS = "$(inherited) @executable_path/Frameworks @loader_path/Frameworks";
				PRODUCT_BUNDLE_IDENTIFIER = com.none.VIPERCardsTests;
				PRODUCT_NAME = "$(TARGET_NAME)";
				TEST_HOST = "$(BUILT_PRODUCTS_DIR)/VIPERCards.app/VIPERCards";
			};
			name = Debug;
		};
		FB51B5101FA1139E004089B5 /* Release */ = {
			isa = XCBuildConfiguration;
			buildSettings = {
				BUNDLE_LOADER = "$(TEST_HOST)";
				DEVELOPMENT_TEAM = L5RSLCXRTP;
				INFOPLIST_FILE = VIPERCardsTests/Info.plist;
				LD_RUNPATH_SEARCH_PATHS = "$(inherited) @executable_path/Frameworks @loader_path/Frameworks";
				PRODUCT_BUNDLE_IDENTIFIER = com.none.VIPERCardsTests;
				PRODUCT_NAME = "$(TARGET_NAME)";
				TEST_HOST = "$(BUILT_PRODUCTS_DIR)/VIPERCards.app/VIPERCards";
			};
			name = Release;
		};
/* End XCBuildConfiguration section */

/* Begin XCConfigurationList section */
		FB51B4E41FA1139E004089B5 /* Build configuration list for PBXProject "VIPERCards" */ = {
			isa = XCConfigurationList;
			buildConfigurations = (
				FB51B5091FA1139E004089B5 /* Debug */,
				FB51B50A1FA1139E004089B5 /* Release */,
			);
			defaultConfigurationIsVisible = 0;
			defaultConfigurationName = Release;
		};
		FB51B50B1FA1139E004089B5 /* Build configuration list for PBXNativeTarget "VIPERCards" */ = {
			isa = XCConfigurationList;
			buildConfigurations = (
				FB51B50C1FA1139E004089B5 /* Debug */,
				FB51B50D1FA1139E004089B5 /* Release */,
			);
			defaultConfigurationIsVisible = 0;
			defaultConfigurationName = Release;
		};
		FB51B50E1FA1139E004089B5 /* Build configuration list for PBXNativeTarget "VIPERCardsTests" */ = {
			isa = XCConfigurationList;
			buildConfigurations = (
				FB51B50F1FA1139E004089B5 /* Debug */,
				FB51B5101FA1139E004089B5 /* Release */,
			);
			defaultConfigurationIsVisible = 0;
			defaultConfigurationName = Release;
		};
/* End XCConfigurationList section */
	};
	rootObject = FB51B4E11FA1139E004089B5 /* Project object */;
}
